
Microsoft Visual Studio Solution File, Format Version 12.00
# Visual Studio Version 16
VisualStudioVersion = 16.0.30011.22
MinimumVisualStudioVersion = 10.0.40219.1
Project("{FAE04EC0-301F-11D3-BF4B-00C04F79EFBC}") = "TriplifyComparisonOfCzechiaRegions", "TriplifyComparisonOfCzechiaRegions\TriplifyComparisonOfCzechiaRegions.csproj", "{6DD9659E-A8F5-4B51-8734-9B9CE65C79B8}"
EndProject
Global
	GlobalSection(SolutionConfigurationPlatforms) = preSolution
		Debug|Any CPU = Debug|Any CPU
		Release|Any CPU = Release|Any CPU
	EndGlobalSection
	GlobalSection(ProjectConfigurationPlatforms) = postSolution
		{6DD9659E-A8F5-4B51-8734-9B9CE65C79B8}.Debug|Any CPU.ActiveCfg = Debug|Any CPU
		{6DD9659E-A8F5-4B51-8734-9B9CE65C79B8}.Debug|Any CPU.Build.0 = Debug|Any CPU
		{6DD9659E-A8F5-4B51-8734-9B9CE65C79B8}.Release|Any CPU.ActiveCfg = Release|Any CPU
		{6DD9659E-A8F5-4B51-8734-9B9CE65C79B8}.Release|Any CPU.Build.0 = Release|Any CPU
	EndGlobalSection
	GlobalSection(SolutionProperties) = preSolution
		HideSolutionNode = FALSE
	EndGlobalSection
	GlobalSection(ExtensibilityGlobals) = postSolution
		SolutionGuid = {328CEDDA-C1B6-4A24-9A2C-D749A724C826}
	EndGlobalSection
EndGlobal
